
Microsoft Visual Studio Solution File, Format Version 12.00
# Visual Studio Version 17
VisualStudioVersion = 17.5.002.0
MinimumVisualStudioVersion = 10.0.40219.1
Project("{9A19103F-16F7-4668-BE54-9A1E7A4F7556}") = "trabahuso-api", "trabahuso-api.csproj", "{14EE0254-EDE8-468F-8642-BC0BCF842B1A}"
EndProject
Global
	GlobalSection(SolutionConfigurationPlatforms) = preSolution
		Debug|Any CPU = Debug|Any CPU
		Release|Any CPU = Release|Any CPU
	EndGlobalSection
	GlobalSection(ProjectConfigurationPlatforms) = postSolution
		{14EE0254-EDE8-468F-8642-BC0BCF842B1A}.Debug|Any CPU.ActiveCfg = Debug|Any CPU
		{14EE0254-EDE8-468F-8642-BC0BCF842B1A}.Debug|Any CPU.Build.0 = Debug|Any CPU
		{14EE0254-EDE8-468F-8642-BC0BCF842B1A}.Release|Any CPU.ActiveCfg = Release|Any CPU
		{14EE0254-EDE8-468F-8642-BC0BCF842B1A}.Release|Any CPU.Build.0 = Release|Any CPU
	EndGlobalSection
	GlobalSection(SolutionProperties) = preSolution
		HideSolutionNode = FALSE
	EndGlobalSection
	GlobalSection(ExtensibilityGlobals) = postSolution
		SolutionGuid = {81A403DB-74DE-40A9-9AF2-89C30E7B4926}
	EndGlobalSection
EndGlobal
